{
  "requires": true,
  "lockfileVersion": 1,
  "dependencies": {
    "@rauschma/stringio": {
      "version": "1.4.0",
      "resolved": "https://registry.npmjs.org/@rauschma/stringio/-/stringio-1.4.0.tgz",
      "integrity": "sha512-3uor2f/MXZkmX5RJf8r+OC3WvZVzpSme0yyL0rQDPEnatE02qRcqwEwnsgpgriEck0S/n4vWtUd6tTtrJwk45Q==",
      "requires": {
        "@types/node": "^10.0.3"
      },
      "dependencies": {
        "@types/node": {
          "version": "10.14.21",
          "resolved": "https://registry.npmjs.org/@types/node/-/node-10.14.21.tgz",
          "integrity": "sha512-nuFlRdBiqbF+PJIEVxm2jLFcQWN7q7iWEJGsBV4n7v1dbI9qXB8im2pMMKMCUZe092sQb5SQft2DHfuQGK5hqQ=="
        }
      }
    },
    "@types/node": {
      "version": "12.7.12",
      "resolved": "https://registry.npmjs.org/@types/node/-/node-12.7.12.tgz",
      "integrity": "sha512-KPYGmfD0/b1eXurQ59fXD1GBzhSQfz6/lKBxkaHX9dKTzjXbK68Zt7yGUxUsCS1jeTy/8aL+d9JEr+S54mpkWQ=="
    },
    "node-ts": {
      "version": "5.0.2",
      "resolved": "https://registry.npmjs.org/node-ts/-/node-ts-5.0.2.tgz",
      "integrity": "sha512-c4nsIyoVi31ksE+ga+wIypaYl0ucti5D4vKtFE7tH8lTNFRGnRiPjeEL8SSSdr57Kk4/SVm8e7n1vxnS4wWcOg==",
      "requires": {
        "@rauschma/stringio": "^1.4.0",
        "@types/node": "^12.7.3"
      }
    }
  }
}
